{
    "_meta": {
        "hash": {
            "sha256": "643d2b21708216fc78aafbc529ed1769347b9f21f768d9f35bbd80c0a094d254"
        },
        "pipfile-spec": 6,
        "requires": {
            "python_version": "3"
        },
        "sources": [
            {
                "name": "pypi",
                "url": "https://pypi.org/simple",
                "verify_ssl": true
            }
        ]
    },
    "default": {
        "ass": {
            "hashes": [
                "sha256:7b3db1929d975121a3e449f38ce7747bfaa88ea4aa1202cd84c14fa85d3ba5d0",
                "sha256:8da7d606bfed9f655a10611dc542936182b15438da5b9515205334990906e2c8"
            ],
            "index": "pypi",
            "version": "==0.5.4"
        },
        "click": {
            "hashes": [
                "sha256:ae74fb96c20a0277a1d615f1e4d73c8414f5a98db8b799a7931d1582f3390c28",
                "sha256:ca9853ad459e787e2192211578cc907e7594e294c7ccc834310722b41b9ca6de"
            ],
            "markers": "python_version >= '3.6'",
            "version": "==8.1.7"
        },
        "colorama": {
            "hashes": [
                "sha256:08695f5cb7ed6e0531a20572697297273c47b8cae5a63ffc6d6ed5c201be6e44",
                "sha256:4f1d9991f5acc0ca119f9d443620b77f9d6b33703e51011c16baf57afb285fc6"
            ],
            "markers": "platform_system == 'Windows'",
            "version": "==0.4.6"
        },
        "customtkinter": {
            "hashes": [
                "sha256:14ad3e7cd3cb3b9eb642b9d4e8711ae80d3f79fb82545ad11258eeffb2e6b37c",
                "sha256:fd8db3bafa961c982ee6030dba80b4c2e25858630756b513986db19113d8d207"
            ],
            "version": "==5.2.2"
        },
        "darkdetect": {
            "hashes": [
                "sha256:a7509ccf517eaad92b31c214f593dbcf138ea8a43b2935406bbd565e15527a85",
                "sha256:b5428e1170263eb5dea44c25dc3895edd75e6f52300986353cd63533fe7df8b1"
            ],
            "markers": "python_version >= '3.6'",
            "version": "==0.8.0"
        },
        "hacktools": {
            "extras": [
                "armips",
                "cli",
                "graphics",
                "nds",
                "xdelta"
            ],
            "hashes": [
                "sha256:0196f89ccbd8ae90f3acb844d686d19bef9f650bf65782dde28ffa0668f36d35",
                "sha256:0b5a927cb8a169edce5967ebcdbb3910947acd1c63ac4a8599a90f972b37df6b",
                "sha256:130451084e67667f6c1628c12055a14a9d0af9c93654e1f90d1fa40252350186",
                "sha256:16c058be6f812240040227de58670d486649553dc15091de337b86128353411d",
                "sha256:22c34aac74ca91d2b85b3c30975523332fa9795e422bd37700828464f9cc07c6",
                "sha256:2377252d9b810ea345de228fddac852fd5c9b6fd7ace2c6bd25e46f397bdc1a9",
                "sha256:2960e3cf40efe5ac50f35f2c21ee89e1958d745e89980601e0c0cbd124586462",
                "sha256:2a94afabdee081479bf6e7a843bf0e2e534f9b7808877d41160cec09c342f4bd",
                "sha256:2aec5ec91280348492e766988ba0ed7febe1ea0148dbd297d32daaaa230de83b",
                "sha256:2bcddb9459432a0b116c2bd1517ea0cade3c2d5fce3b7f5b1457d2dfe238ebff",
                "sha256:2d496f2330c7ab5b0b24f8380a621dafbc96a4daa1534a4d3cb94693d8d2e6cf",
                "sha256:3d1101aa5d2b142334256abbdc7f97e59f8b7dd658b0815c43a0ac3af7708c75",
                "sha256:3d1841eff0b9f1d570180dee90feef2f99775ee68d2621b27b625101ffd797d5",
                "sha256:3e838f0d1c29e712d11daa4930c2aef7838eca18eeed872e954c0e355516be06",
                "sha256:3fb26af454077336abf8de61b00aa32e7ecbb5b0a8f8427937757512d175fbeb",
                "sha256:489b33914525d6ba19f752b4bab945395d03e477a2aac70ed3cb3aba18c1d41c",
                "sha256:49540f0537bc6d8e73dfe5edc968dbb4503b298b271188d0bd2ff15a10976d33",
                "sha256:4a761cdd0b3354576c563bb04255801a7d90f8d4e923c5a4f3183fbf60f01316",
                "sha256:4cb737d69c190bf86637d35f081a26686a8e1ad824b4a3d72a848c2424a5d148",
                "sha256:4f179dc26d15b70240953c6f1754a6307928a6d5e17122945c1369bc44ca4203",
                "sha256:5368dbeddea18a65cfaa4be66b9f9c36b226b225f3eb3e84d1578fb6113fd173",
                "sha256:578cde03edd241e7faad0d7ac501909221d58d25009ef27cbb9853211d1f6500",
                "sha256:579c1f0ae055358d150f089999116ac20c4c1df63ed1e8c44c7ca72607fe23c6",
                "sha256:5bd91261221a8d85440eb23537eb65803a22e333f5450b965fe5f972a5e6f9f9",
                "sha256:5bf260efc1402f6c74596f191d7f17b505bb2fd315bb6b3ce838324c4d41135c",
                "sha256:5f2d9d9f5a0b9eb9ab48f3bff064bd6b87aa415f962a38c109d32d0f4753ba9a",
                "sha256:61cbb8a94de3ef55b41a84051f8680585db7d6592f1e41c563a89b07d337c1fd",
                "sha256:68160b325f0df92da640e776f1dd51457a8fc97f8b546ad792da96eae97144c2",
                "sha256:6e7f6cc8fb32cc25cdaf9f75795315bfd41a5a15834b71a1773ff1dc0d1b5312",
                "sha256:6fd1d93f3be2d927f0a1df291d1e50fa092aaa45d851c808fb15fd5f4157bed8",
                "sha256:750e10ca583cf610b8f5a79b75ed96bdc40a8e87f0fe2e543fca1ac1aeba5f2c",
                "sha256:75b639bedd7f2e35ba1d29cf673140a4930ca9d0e4f57e601a423c118aa06f95",
                "sha256:763666e2fd3482d5ceb2071b2a0040fbe8f40708f6b3b6885d505f34c49dd807",
                "sha256:79338ce1e8cf0c296508b6d3d6f8ffd95c228cbc6ac53f8a99eb17055e7dcba7",
                "sha256:80fe783a298f3b8e4210b17a08203abf12c699161912d990b3523f19ac805a28",
                "sha256:81a9986116f8282ebae67c8cd72e92d37b0597cfec6b2debb840a8fb7f6c3028",
                "sha256:8dfcd4bc748595479c79498af75efe56d709e46b12f25f82b6d4a6e569dc0128",
                "sha256:910e23c6ab2d102a4f40ebfb50c11c845af34c0bd0a41f29c74a45f5b8cff301",
                "sha256:918bd8cadc63e4a95c2acfa82138b628f809daccb7f9e6a66c3df12e947abeda",
                "sha256:92aa212853dcbbc0dbd327fe6baff12585aa6f5bab1dd6f1791410de7e43e468",
                "sha256:a7e1b03d3741e83f3e90cf1eeb93c69d21254259ef659e89f6f7fa2d04b3fe8d",
                "sha256:a9dab63735fb9a0487d12c04834ff8d24c5639a25ad3276476a9f28991855a66",
                "sha256:b051ab5adfd7290e797515feeeddcd13fdc8fc85e9e6a9b9d7bf08d5aeebc9b1",
                "sha256:b09f5d3f7966f70746cfb4cf66531665577322defa7abb5f06567ee1dc8ac95b",
                "sha256:b1e21c6e59d1ef41caed4a1646a78824d769d7b697f0af20b760314bc68dd3a4",
                "sha256:b3df67cf80a6b30a113146a0862957a3483c41d899c0d46ceca0a10512e01ed0",
                "sha256:b48aa22c758727c371df0044fbab5c70b52fa6b976de6b684435f6b971d58e1b",
                "sha256:b87194e534633da923777fab9a9636c6258da0276c8a5f45a93fd2883cd8064c",
                "sha256:b884c6a6456f6fe5eba7aea401bc1ca782e61015a7c0bc33e2fd754a45fd7b1f",
                "sha256:b92354193901e289ac98b4c7002b8754a69c845a7f6e162379955adbe105f838",
                "sha256:ba9d6e3e017cd3c8532949ed6f4da2616d55829e0af1ba7f93c0db38c4f5ef30",
                "sha256:be6ac68f1c9159bd8898cbd5094708e59b16544233692be17337e1eb1e16b8d9",
                "sha256:c2b30fac490a3f5085e6afdd8b6b13b90ee76c66debaf66faf7ca1a73fce2300",
                "sha256:c7ac58cc853bce9772d0e57e9fc2a020558a735a1c9aa67a6e4492913111eac8",
                "sha256:cf260234980fa8201f2158e9d5f95030e47dc76c4659af3f576955278828e3d1",
                "sha256:d02a74090de39080c8406d06d33c837cb852181e1b20faec0ae19b6251c7310e",
                "sha256:dc2151622c42db6cdb20a42100d5e5d96f0348a5adb80821c9278aa0bee6c533",
                "sha256:e0dcb29f5390c7c4e578781d3a42bd2f5f68e7e339130bb84c68c593533508f0",
                "sha256:e5a368a490826a7387f47e1c426c4eede4d138a3eb8b4510c6cfd5a3e113214f",
                "sha256:e67194336db47b5e0e9a1d58fd176157f538edc58da70890ac2442fa395ab6c2",
                "sha256:e6b2a2698210bd95789f4c04801eae88114961b32470fe585844b8f4642faeda",
                "sha256:eb009a39a3cfd152910448c81563991726fa00a89c427cc27cdb4075cfad0638",
                "sha256:ec4682f48953fddb633946e8473ad2cda420276138221880faf3d0b1c25e596e",
                "sha256:efdfd9d3c741504b4d10222ba4b09ff695a6ecd891db6e814f37146789c15553"
            ],
            "markers": "python_version >= '3.7'",
            "version": "==0.33.1"
        },
        "ndspy": {
            "hashes": [
                "sha256:1576ca7ec5542075511185133c20c9b722b118f4aaf52929f0408d6081eee013",
                "sha256:46bdb1491ea27f6b14b15a51930a607b17e4502ad42ad12674ea4c5d04d66ea7"
            ],
            "markers": "python_version >= '3.6'",
            "version": "==4.1.0"
        },
        "ndstextgen": {
            "hashes": [
                "sha256:a54a158f98cf23b45a1dbebadcc1aacb690064af8bd56a1274f8157addf446d8"
            ],
            "index": "pypi",
            "markers": "python_version >= '3.7'",
            "version": "==1.7.3"
        },
        "packaging": {
            "hashes": [
                "sha256:2ddfb553fdf02fb784c234c7ba6ccc288296ceabec964ad2eae3777778130bc5",
                "sha256:eb82c5e3e56209074766e6885bb04b8c38a0c015d0a30036ebe7ece34c9989e9"
            ],
            "markers": "python_version >= '3.7'",
            "version": "==24.0"
        },
        "pillow": {
            "hashes": [
                "sha256:048ad577748b9fa4a99a0548c64f2cb8d672d5bf2e643a739ac8faff1164238c",
                "sha256:048eeade4c33fdf7e08da40ef402e748df113fd0b4584e32c4af74fe78baaeb2",
                "sha256:0ba26351b137ca4e0db0342d5d00d2e355eb29372c05afd544ebf47c0956ffeb",
                "sha256:0ea2a783a2bdf2a561808fe4a7a12e9aa3799b701ba305de596bc48b8bdfce9d",
                "sha256:1530e8f3a4b965eb6a7785cf17a426c779333eb62c9a7d1bbcf3ffd5bf77a4aa",
                "sha256:16563993329b79513f59142a6b02055e10514c1a8e86dca8b48a893e33cf91e3",
                "sha256:19aeb96d43902f0a783946a0a87dbdad5c84c936025b8419da0a0cd7724356b1",
                "sha256:1a1d1915db1a4fdb2754b9de292642a39a7fb28f1736699527bb649484fb966a",
                "sha256:1b87bd9d81d179bd8ab871603bd80d8645729939f90b71e62914e816a76fc6bd",
                "sha256:1dfc94946bc60ea375cc39cff0b8da6c7e5f8fcdc1d946beb8da5c216156ddd8",
                "sha256:2034f6759a722da3a3dbd91a81148cf884e91d1b747992ca288ab88c1de15999",
                "sha256:261ddb7ca91fcf71757979534fb4c128448b5b4c55cb6152d280312062f69599",
                "sha256:2ed854e716a89b1afcedea551cd85f2eb2a807613752ab997b9974aaa0d56936",
                "sha256:3102045a10945173d38336f6e71a8dc71bcaeed55c3123ad4af82c52807b9375",
                "sha256:339894035d0ede518b16073bdc2feef4c991ee991a29774b33e515f1d308e08d",
                "sha256:412444afb8c4c7a6cc11a47dade32982439925537e483be7c0ae0cf96c4f6a0b",
                "sha256:4203efca580f0dd6f882ca211f923168548f7ba334c189e9eab1178ab840bf60",
                "sha256:45ebc7b45406febf07fef35d856f0293a92e7417ae7933207e90bf9090b70572",
                "sha256:4b5ec25d8b17217d635f8935dbc1b9aa5907962fae29dff220f2659487891cd3",
                "sha256:4c8e73e99da7db1b4cad7f8d682cf6abad7844da39834c288fbfa394a47bbced",
                "sha256:4e6f7d1c414191c1199f8996d3f2282b9ebea0945693fb67392c75a3a320941f",
                "sha256:4eaa22f0d22b1a7e93ff0a596d57fdede2e550aecffb5a1ef1106aaece48e96b",
                "sha256:50b8eae8f7334ec826d6eeffaeeb00e36b5e24aa0b9df322c247539714c6df19",
                "sha256:50fd3f6b26e3441ae07b7c979309638b72abc1a25da31a81a7fbd9495713ef4f",
                "sha256:51243f1ed5161b9945011a7360e997729776f6e5d7005ba0c6879267d4c5139d",
                "sha256:5d512aafa1d32efa014fa041d38868fda85028e3f930a96f85d49c7d8ddc0383",
                "sha256:5f77cf66e96ae734717d341c145c5949c63180842a545c47a0ce7ae52ca83795",
                "sha256:6b02471b72526ab8a18c39cb7967b72d194ec53c1fd0a70b050565a0f366d355",
                "sha256:6fb1b30043271ec92dc65f6d9f0b7a830c210b8a96423074b15c7bc999975f57",
                "sha256:7161ec49ef0800947dc5570f86568a7bb36fa97dd09e9827dc02b718c5643f09",
                "sha256:72d622d262e463dfb7595202d229f5f3ab4b852289a1cd09650362db23b9eb0b",
                "sha256:74d28c17412d9caa1066f7a31df8403ec23d5268ba46cd0ad2c50fb82ae40462",
                "sha256:78618cdbccaa74d3f88d0ad6cb8ac3007f1a6fa5c6f19af64b55ca170bfa1edf",
                "sha256:793b4e24db2e8742ca6423d3fde8396db336698c55cd34b660663ee9e45ed37f",
                "sha256:798232c92e7665fe82ac085f9d8e8ca98826f8e27859d9a96b41d519ecd2e49a",
                "sha256:81d09caa7b27ef4e61cb7d8fbf1714f5aec1c6b6c5270ee53504981e6e9121ad",
                "sha256:8ab74c06ffdab957d7670c2a5a6e1a70181cd10b727cd788c4dd9005b6a8acd9",
                "sha256:8eb0908e954d093b02a543dc963984d6e99ad2b5e36503d8a0aaf040505f747d",
                "sha256:90b9e29824800e90c84e4022dd5cc16eb2d9605ee13f05d47641eb183cd73d45",
                "sha256:9797a6c8fe16f25749b371c02e2ade0efb51155e767a971c61734b1bf6293994",
                "sha256:9d2455fbf44c914840c793e89aa82d0e1763a14253a000743719ae5946814b2d",
                "sha256:9d3bea1c75f8c53ee4d505c3e67d8c158ad4df0d83170605b50b64025917f338",
                "sha256:9e2ec1e921fd07c7cda7962bad283acc2f2a9ccc1b971ee4b216b75fad6f0463",
                "sha256:9e91179a242bbc99be65e139e30690e081fe6cb91a8e77faf4c409653de39451",
                "sha256:a0eaa93d054751ee9964afa21c06247779b90440ca41d184aeb5d410f20ff591",
                "sha256:a2c405445c79c3f5a124573a051062300936b0281fee57637e706453e452746c",
                "sha256:aa7e402ce11f0885305bfb6afb3434b3cd8f53b563ac065452d9d5654c7b86fd",
                "sha256:aff76a55a8aa8364d25400a210a65ff59d0168e0b4285ba6bf2bd83cf675ba32",
                "sha256:b09b86b27a064c9624d0a6c54da01c1beaf5b6cadfa609cf63789b1d08a797b9",
                "sha256:b14f16f94cbc61215115b9b1236f9c18403c15dd3c52cf629072afa9d54c1cbf",
                "sha256:b50811d664d392f02f7761621303eba9d1b056fb1868c8cdf4231279645c25f5",
                "sha256:b7bc2176354defba3edc2b9a777744462da2f8e921fbaf61e52acb95bafa9828",
                "sha256:c78e1b00a87ce43bb37642c0812315b411e856a905d58d597750eb79802aaaa3",
                "sha256:c83341b89884e2b2e55886e8fbbf37c3fa5efd6c8907124aeb72f285ae5696e5",
                "sha256:ca2870d5d10d8726a27396d3ca4cf7976cec0f3cb706debe88e3a5bd4610f7d2",
                "sha256:ccce24b7ad89adb5a1e34a6ba96ac2530046763912806ad4c247356a8f33a67b",
                "sha256:cd5e14fbf22a87321b24c88669aad3a51ec052eb145315b3da3b7e3cc105b9a2",
                "sha256:ce49c67f4ea0609933d01c0731b34b8695a7a748d6c8d186f95e7d085d2fe475",
                "sha256:d33891be6df59d93df4d846640f0e46f1a807339f09e79a8040bc887bdcd7ed3",
                "sha256:d3b2348a78bc939b4fed6552abfd2e7988e0f81443ef3911a4b8498ca084f6eb",
                "sha256:d886f5d353333b4771d21267c7ecc75b710f1a73d72d03ca06df49b09015a9ef",
                "sha256:d93480005693d247f8346bc8ee28c72a2191bdf1f6b5db469c096c0c867ac015",
                "sha256:dc1a390a82755a8c26c9964d457d4c9cbec5405896cba94cf51f36ea0d855002",
                "sha256:dd78700f5788ae180b5ee8902c6aea5a5726bac7c364b202b4b3e3ba2d293170",
                "sha256:e46f38133e5a060d46bd630faa4d9fa0202377495df1f068a8299fd78c84de84",
                "sha256:e4b878386c4bf293578b48fc570b84ecfe477d3b77ba39a6e87150af77f40c57",
                "sha256:f0d0591a0aeaefdaf9a5e545e7485f89910c977087e7de2b6c388aec32011e9f",
                "sha256:fdcbb4068117dfd9ce0138d068ac512843c52295ed996ae6dd1faf537b6dbc27",
                "sha256:ff61bfd9253c3915e6d41c651d5f962da23eda633cf02262990094a18a55371a"
            ],
            "markers": "python_version >= '3.6'",
            "version": "==10.3.0"
        },
        "pyarmips": {
            "hashes": [
                "sha256:09ea6b53e3b6596203344ad169a9e2c9732a8b190864d71d26812190bb0637a5",
                "sha256:0c44dda8893bf6944addfd32c466b5a947314ab968d0538525f4e1d8c61e9c60",
                "sha256:0dacecf8822cd099bc106beefcc6dadb93ad55a78429e560166920b87aa46e1d",
                "sha256:110783baceb906169e99489f3d07203b83e717be4cb59d1f7756a5b0c2e68d66",
                "sha256:153e91edcd949e600e605ffeca05c720afe0bb586b648f51b3234bb96ab8cc70",
                "sha256:1549402b204a914b617ed8fa48720553306d10f7c7e587f3421aabd59d196444",
                "sha256:156116cd66e96b089c8430d62d5a358f9c75fadd9e6df0a4efc93d9342cfbbf5",
                "sha256:1aed1f3fc4b4f185eee924a6901b4f33dc5dc5b6869a3c4ade362c4d73a64923",
                "sha256:2144cde8fec5b7c43fec2d56f2eeec51ecd6983a27e70075c72d0245320eb2f3",
                "sha256:21ca8cc2e0a870340506f1404c672078df64c80e59e6fed091aa2dce0d693393",
                "sha256:245cd74991e0efb12e6901001362b1a1039523f43c8e4858cfffd1e77d2866a0",
                "sha256:28470ccfcf54fab7417c2218f381feb46189219ad3cad3769d73ef28a06f68ac",
                "sha256:2d4660801ccb1dbb3382f8d80a3c42766d5bb6f6344a3f77b34d26e17dff6444",
                "sha256:3424aaeb23a857c1a09c081990fc4c9a0f51f4954e1f272998bfce36da72f687",
                "sha256:37218134aa2562e7b5925583b2383d14543af7dcca99b8f88a13f5d312c30015",
                "sha256:3777f246d117728cf2050f2888bbd86593eb3598ac4e5277f9f2c61852c3f5ee",
                "sha256:3c332e346889b3b37152bd1d9ba1ab59f30b572cd93db6f20469cca0ab6ba652",
                "sha256:3ef6057c02db0b3f07437a5ef20d51c37b92e2a9a6decb1879c2b4845af8d9a2",
                "sha256:479781e8aa1b67adb72a7412a8c56f67bc82003e4e852c46c9afc0512caedc19",
                "sha256:4c7b9f7968b01adbc8563c31474dc9c0aadcde3e52a045a7a4f4727360e7d1a4",
                "sha256:4c97fa21349513f2a253d4b233561286dd8179def449ac9f3e44d3de8b670c04",
                "sha256:4e0bd7769264cd28947cb5d45356d080ea592f0ed6ce394ad90ce816ad63d2f3",
                "sha256:550094f77cbb980a950b486184d602736409f2f41679f058dd6486abc759426d",
                "sha256:566d126695cb6839dde74d731ffd7f49ff82ab8c3d7641d0b8b52c3e952d8798",
                "sha256:5743937b2b0eabe285a8a33c3f00d228071eb437dcee6c5f4943e62d58d17b15",
                "sha256:59715661a70a1fe67dd2644c7a6d79cb45898b2e52e30622a1a71bb97459e8e4",
                "sha256:59a29e3e902957507e13cadcc78cde8c24e0082215dae338349e1c41c0f669bf",
                "sha256:5e2853a01389ba4fccc80fdf1c7a385b29408006859cdd0484465f6cc25b6c3e",
                "sha256:65021f163a2175565508405ef1ca38d63dd2ed2fffbdcf60816bb5cbc9557c6d",
                "sha256:6691a007480a25befc75ede1c39ff1b3753b79aa2b691cd156752b9943066f40",
                "sha256:673070aa7a4b1c88823be526f5b72275c1b7c42b40a10680b1e9dd1d50905bb3",
                "sha256:6f8913b9d7ee1a038ec14ecbcc1c35827d016f82da25d28b60104030623de8c7",
                "sha256:77e86532e43c9f1138d5cfa0894e770cb5c602b392932c2e3cc78e3a86cea44c",
                "sha256:7a1797883cd43aee452abf8ae07a8f1bb40be83005dc1144138b53737e3c430d",
                "sha256:7ec2566d8f3d51217d12fa7688e8aa903fa3993c2d2f8dd292836d9b8ce12f79",
                "sha256:8139c741b14d411c1de2989f4ca0ffdae9eb26848627799dd02cb3b523e47817",
                "sha256:81d87024ee7ea349dfc37faf5286917738a7e1df114f4d1254f1789a52a0403a",
                "sha256:8a385a22d1e43780afa237e8a02a1f336ccf1469c99a2a421b78882cd4e02215",
                "sha256:8a9dc16f4adcee466d26e839e98f64c1141bfdee2b0bc6172a252fa9f3f9b147",
                "sha256:8c0e2e42e8166da42ec706893b304ea537800c8f370733f4f836474f77a79fbf",
                "sha256:8c56f59cd63703b922aa5c8e21a5b69ed296ac289e623f6c4471257462712909",
                "sha256:969db6fc6d9cd0dd032465ba3ec52d5302714cf11e983706b626b71fc341330b",
                "sha256:9cadc29541aaf06a73a918c6696a97c9af01d7edafe88e7638348c2aca902bbc",
                "sha256:a0f1c6a00832b1578daed36e475b749c5080b855950ab5220996e24cb2933244",
                "sha256:a4611b84b43b983ee1fd3657b339545f2c5c7831ed28c8d8d1058f17946306d3",
                "sha256:a4b1d84b6861792472f16e1ef0bbdfc412c6f59724dec18f58e73e4eeb3ddc17",
                "sha256:a88421005f1461d4e9174e7d9e8294f1f79173f3bc3808f2b8985a065e724ae3",
                "sha256:a8a21cb2fa97d84a70f2638ba45de3cacb1184a76d4861f9772dc6b3f7b8f334",
                "sha256:aa3697f9e207a0117f0639bbb17a4858d38e9e55e369754f9b6e24e32a532ab5",
                "sha256:acbdb495cb1f63c25ea51442f150a1b344082dc044619e6a3cfdcaf3747d0df1",
                "sha256:b04975b467624b09e28cdb2464374fb39c40a67808236635de3df6b9db19f3be",
                "sha256:b0e5b54e8d936517a9eea617bf314dcdcf7a85fd21aa6792bb6708c6a08d5106",
                "sha256:b26bcbd21b5b45e2c01f11bb6b0dba2aaf42f6e98c4dd0ba65ba65fb732b1d35",
                "sha256:b26fa333a26b24fa7b109d0aaa490a184bbd6b0051d98c323f725072fada941f",
                "sha256:b92315b9579066028f96a2a4302d11f6e891119bb2d0f24f60290c9e701e714a",
                "sha256:be9c989fab7913d05af997d30de937c11a6f824d9fcf7818cdc9da2c2c6fa153",
                "sha256:c5f79417669698c7a0fe4411824172ebcbf228f7180afe2b1691fcfae1987599",
                "sha256:cb1d5d7a34659e22f8d037a10da7367d346fea6d7e9ae21a510056f55c610283",
                "sha256:ce7780e165c48934d326a0578f3ee85dd3622f0fcb94c4794c2e51e290ead98e",
                "sha256:d57dd33d880af6fd4fdd839f478db242eba56124ce0532c90d736136c88fa87e",
                "sha256:d6910204064afc63c0df31d7c32a0a3c5af1e1bcd6cd4a40b23c9aaf0a70a0e9",
                "sha256:d7a70bdb7b6ba7997e22f815b0e460646500692bd358d5b0c2641ddbf5d702f1",
                "sha256:e086da7c7dd9cbd1c47ef44616a98f73a61226e8965a8252b8fae0f282088af8",
                "sha256:e0dff93b0c12070b0ed490d65a9040b4f9a7db87eff0953ac8a631bcdf1d1f91",
                "sha256:e51cd3971ae1100607b6e94e581c409e8f9c9069d748b34ca5eaf32741ebbc67",
                "sha256:e9200514ddb0690064d3fdaf25dbf8491b7b8edba93b697cab1af8dbce74031b",
                "sha256:ebeb369d125a64359d61f46f1454836bd09d7b02434d3045647a4b3f5856acf0",
                "sha256:f258a5dae84b0e7bded99f8a198d9498c4cdfea51684cdcb316a9296abedb1b4",
                "sha256:f2ff53b49eaf6f59047a624f08d62f8990f39272e3604188c30927dbd7956b25",
                "sha256:fafe60554aa9d5fa8cdca24d97b284ff852a80c7a385c41d685aa4f795d440d7",
                "sha256:fe538c0267b1be869ecea3059883385d9dae0a43cf07dadb7217e2c063bc52f4"
            ],
            "version": "==0.11.2"
        },
        "pyxdelta": {
            "hashes": [
                "sha256:01d309e808d3a10bdda9ae37ff7111a53eb2bd0ad6ac09712adf988c410178c3",
                "sha256:07fd8088a0c282f8d3315028fc3417f79691d128d5662776a69a5b9d804e7267",
                "sha256:082564d2e49ae0f7ac1c7d7574cc3051af90289bb333238f03afe07a9f71fbfe",
                "sha256:092844eaff72316df0913114f056394f0340516ad9d566cbfff213d5c99922ca",
                "sha256:0a3d89d49bb47f4b089d94a875f5619433ea4bd3a730b8cbb267f4cf823d1a51",
                "sha256:0a61bf4227d2d7c360ccb8f1ef75d115763d68c1a500210eefe664418e9afcb3",
                "sha256:100cff7ceee649be8cafe174f24286522a2c818480b2d35b613a3bc1cf33e385",
                "sha256:10b4e5cffa0b737fe2f1bbd85a326bf6f75492691f31e4cbc950f41eb8747579",
                "sha256:11025138e83896ff3446a683516f8f7b7a558481ac15f6473fa25feff46d2398",
                "sha256:15ad493363e6004a5f05175b07e278a4ec449adfc5cf68f17b11305baca6e91f",
                "sha256:1a64af9df79a571ca51817f635151987448d917fe88c35a49be853b3872e159f",
                "sha256:1bf9fbe779ff890201a81622a8e0c46158c8550038e3b4c50d1fbd892d5f9657",
                "sha256:1f0fc89bbcfe0381b2f3f830e0a7364b608a656e017f563b10dd94017eca3e6b",
                "sha256:21c786ea0dc8722f73dd676be9a5fb2b1a225d44964052b33065f99cecd52886",
                "sha256:24ce333b228b2c73bac6d4c756bc3cbd7f54bcf73ef0169a06501d4eac927638",
                "sha256:264fb8c9754c561c68991b8928dc00705661d26538ea84a650149efba0aed473",
                "sha256:2d88cc7c5c7b91b78630e14622f118da2c008ee714b6f6a0de24844ba703f180",
                "sha256:30047cc1e1d01cedd15f4cc89557f73dfaaa6c07ca4150df2db90f920ea3dad6",
                "sha256:3234eb1fb8401e72986d0ef9a56168640ebfabb27d41f01355be4e55a34919a6",
                "sha256:34e45dea96880e419d821a232422f51397ba1bfd61b6ad29b234414e2e4747b3",
                "sha256:3955b046d115ec47f9f9f181d1bbfcde14781aba3274603554d0dc54d87d517e",
                "sha256:39b4bde9c2bf24a60ae48675dcdb20e34705257478905861cb82107875831cde",
                "sha256:3e40a5119348fe06d3d7f8f6d44ee7a2f861da359185e7c19558ce0b90a45b58",
                "sha256:400f66f782a576fcd8d97830a55c3116448d0830cd2f239d95ec115c01e83ba8",
                "sha256:40aea5941c372eac7adca84c5e438ea5abf692da7e962c2835fa34b624b0b895",
                "sha256:425a9e466341c575fdf808bda7743b783da2975f2c1eaad052e209bba96d7a54",
                "sha256:4b158577e1838e5495d0ec65da9b559938c86bdd6ee36ced2bbf4b8abc85327c",
                "sha256:5467876e756fceafa7e15c26eccbb17c1a13ee527c33bc1ba3b932f872210d16",
                "sha256:55c430ca378f150c218913058d75d8daf09d2fba3f34b428de552c9d0526eaf5",
                "sha256:593badc0fb074ded12ddab59561a639cb552346c788bb4022bf8b79f0423d284",
                "sha256:66f61116927d052dd05f1d5b98df6a47cd503c847c1e5583e18cbc517f0857d6",
                "sha256:686271b2fac04e8a3a3602680e26d56ca799bc51cbc26b152409feeb705c4849",
                "sha256:6a072353d6f0056c6a7d814603a0683188d6364399182b5e969aa63045304da2",
                "sha256:6cd4a9befa6079b6f401a565951b587507afac3dda0b6df4898b3a88687e602e",
                "sha256:7532466631128114e68fd13b5a069f58f88a976b1ffc7d2d7f1dbf3cf278a2cb",
                "sha256:758cd3eeef153d5299df17170ed22e7f9190113c6f959c57f81b1026ffa93b3b",
                "sha256:79980a4a8a06191019dd82d0e7df42f130d0b0c62a5c74b860e646b4b5f45417",
                "sha256:7fcd2e6a3939a254e077f6365fb706c9772084483d8e8103fbbea85202451c0c",
                "sha256:856121a384af4a5e8ad74e9538661d0eb0ad687f2b0f50fe52d0133426b43721",
                "sha256:85ed9f8a4dd067527c5ba0bdf4a8f6223f0670e87fd064a4e3b19e63aa86a938",
                "sha256:871b71783ca46ec7295fe548554b7dc34cf8c68adc061cdbff6170589cde7c98",
                "sha256:885dc8d39d9d742c72cfcf08b09c4abc96e85ab54f8c505dcb4c4f0bf1fa6195",
                "sha256:8d63308f5226474fced28c7036efc00d19739c543d25944a21e2143b2d522a81",
                "sha256:8ea1b340cfa060d8bbbe3a14e218b2146eb593dee13f26e0b0bebc4de7bea7dc",
                "sha256:919af567a7b6e1377273c8bd430c96ea8fdff6ee8965e30c46e2d811b1396a0f",
                "sha256:9cd94bfd572cf1287b094add88a412cd0d1285e42406665e4ec879f6769b5ddc",
                "sha256:9d72b5313db524335b54138845068d331e02a9662dd487ee6f336f7b52255562",
                "sha256:a136a18fa1f618431591657ea15beddd5eb7c9f4237405c3008248c5c4d413d8",
                "sha256:a212599bd4c430e57375d429b4ba418eba1f4fa8e9364ff4770055bc9fbae3ce",
                "sha256:ae98a5822434d833ac8d1e1105e3d926b15be500514bbece1c9e41d17a80defb",
                "sha256:af38e4a4e9573a85a91d25c9787c32231d2f3936bd9469405ca5295acc561757",
                "sha256:b00dc3b6920547befe50d42397e555f5753d49e29f88569ed49caa6b0fc39eed",
                "sha256:b1b3de6b6b4a5d0a4fe5ee95d024e1bcd610855ced8ddc1eeac729b95efffe35",
                "sha256:b2def86b2a6b6ed3866c95521030b72613c71388cb12e9a2910e7850f282b359",
                "sha256:b3e30b0d9d7b75bafb9a117be949743ef1e4f64e4ce039a2d0365979749e4901",
                "sha256:b73fb2d28e711760fd0540e06d2e4c660a4ab4ef4b7896e591f7e72ef743a88a",
                "sha256:bab1e2caa9cc4305a09f4313d046b68d0f9b334c57e7dbc445c11838dafbc84a",
                "sha256:bb91ea3879261b03979023a066a20bb201d5eff89d96169e3fc42a58b56b4b8a",
                "sha256:bd963e3da28b9f7bf46c23382f5b810460b6adc3ae8281272fca2a8b9a20f7bc",
                "sha256:bdd00007f09f1881baa240324226266b6d808b4c841ff2c3ceaaf1d5d211d591",
                "sha256:c993c9aa8de25aba9eab380c99b3581644b7cf63fbf3c8a7d3522750734cb388",
                "sha256:cb364e395822fd292ef2b6ae10d23013818ff027fc23211334dfafdcf83c4788",
                "sha256:d177f0c5098df7096bd10bfdc1a48f277b882b8b705cdabba2c437a40eb5d338",
                "sha256:d8f1c12facfc1f30459becf9f1c0c6706b4b0c5e909153cec69e59acb6f3615b",
                "sha256:dcce37369baac055cbd6c57e217ce731435c0601c55a7ac79694c5ee316e30b8",
                "sha256:e29b675554268a7883f16dfd6525df294c40609d15b0615d40ae64a5bcbf887b",
                "sha256:ebf09d5d76fc0a5e686df634e50f795c5150fd736d3acc071c657609ba74be5e",
                "sha256:f18ec27ee873c9435aa51df6116d29583852cec42ad425357442d264dd61b630",
                "sha256:f8428f293f9f541044fc52192faa64761a1968959db93fdd18152647f9ab739c",
                "sha256:f86c7a4413ab4ccca728fd822af4c87d134ee2c3e01375544b7f0aabd4b4c5b9",
                "sha256:fae4919a236a59c1e2b6de43d13522f1b04f02939d98c1c3382b5b3f9c3e867c"
            ],
            "version": "==0.1.3"
        },
        "setuptools": {
            "hashes": [
                "sha256:0ff4183f8f42cd8fa3acea16c45205521a4ef28f73c6391d8a25e92893134f2e",
                "sha256:c21c49fb1042386df081cb5d86759792ab89efca84cf114889191cd09aacc80c"
            ],
            "markers": "python_version >= '3.8'",
            "version": "==69.2.0"
        },
        "tqdm": {
            "hashes": [
                "sha256:1ee4f8a893eb9bef51c6e35730cebf234d5d0b6bd112b0271e10ed7c24a02bd9",
                "sha256:6cd52cdf0fef0e0f543299cfc96fec90d7b8a7e88745f411ec33eb44d5ed3531"
            ],
            "markers": "python_version >= '2.7' and python_version not in '3.0, 3.1, 3.2, 3.3'",
            "version": "==4.66.2"
        }
    },
    "develop": {}
}
